github.com/mrrooke/calc v0.0.0-20220616142318-ae490a3355ab h1:NRPdjCr4all4ORH4vofs7cKSKoShg1u+NKLs5vXX9m8=
github.com/mrrooke/calc v0.0.0-20220616142318-ae490a3355ab/go.mod h1:KT8MCohBUcaPafNuN6gBveHXsWhcz3ZCnT1FVXMwt9o=
github.com/mrrooke/calc v0.0.0-20220725083807-e7a918a68955 h1:WFXu6neVRiqNoiPwZJ3BSqDNtOAFA8qpccKrdg3++RQ=
github.com/mrrooke/calc v0.0.0-20220725083807-e7a918a68955/go.mod h1:KT8MCohBUcaPafNuN6gBveHXsWhcz3ZCnT1FVXMwt9o=
github.com/mrrooke/calc v0.0.0-20220725084353-1558606c8f43 h1:cOrcpvjT8JcaqCTTCTKqIFr0dtLr+KzoRCxF1CEJ0yM=
github.com/mrrooke/calc v0.0.0-20220725084353-1558606c8f43/go.mod h1:KT8MCohBUcaPafNuN6gBveHXsWhcz3ZCnT1FVXMwt9o=
github.com/mrrooke/calc v0.0.0-20220725093516-1862d618c570 h1:rkgl+2fICHfbGs0l9TrAGXu02qO2sLdx4APoZtLaBjE=
github.com/mrrooke/calc v0.0.0-20220725093516-1862d618c570/go.mod h1:KT8MCohBUcaPafNuN6gBveHXsWhcz3ZCnT1FVXMwt9o=
github.com/mrrooke/calc v0.0.0-20220725093753-57ec8d6e2cd4 h1:b1RNnc9NsWmWu2TyeLJ3NRFTIO+ukCn9tdJjyNubI8A=
github.com/mrrooke/calc v0.0.0-20220725093753-57ec8d6e2cd4/go.mod h1:KT8MCohBUcaPafNuN6gBveHXsWhcz3ZCnT1FVXMwt9o=
github.com/mrrooke/calc v0.0.0-20220725122910-4719a0f6243f h1:TCZcHyzf361i7b1rXAljbytnTU+UO81M0u2mhvsIBDg=
github.com/mrrooke/calc v0.0.0-20220725122910-4719a0f6243f/go.mod h1:KT8MCohBUcaPafNuN6gBveHXsWhcz3ZCnT1FVXMwt9o=
github.com/mrrooke/calc v0.0.0-20220728105837-85a12dfeacfa h1:A5IjhN6qudTyMXKlvJMaWrqFgjsLBxAyrh2pEL6TScY=
github.com/mrrooke/calc v0.0.0-20220728105837-85a12dfeacfa/go.mod h1:KT8MCohBUcaPafNuN6gBveHXsWhcz3ZCnT1FVXMwt9o=
github.com/mrrooke/calc v0.0.0-20220728110009-f81dc971b97e h1:XQCcyYDdjnuhOFYzeYrpm11y5EmnoZY8BjbMe2VgdGc=
github.com/mrrooke/calc v0.0.0-20220728110009-f81dc971b97e/go.mod h1:KT8MCohBUcaPafNuN6gBveHXsWhcz3ZCnT1FVXMwt9o=
github.com/mrrooke/calc v0.0.0-20220728124112-e43111e6133b h1:fHsYMfuUuhHkDqM1RFfNa+qFV1vyXDTEPBnx9wZoKXI=
github.com/mrrooke/calc v0.0.0-20220728124112-e43111e6133b/go.mod h1:KT8MCohBUcaPafNuN6gBveHXsWhcz3ZCnT1FVXMwt9o=
github.com/mrrooke/calc v0.0.0-20220728133907-0b915a93345c h1:FvAZ3AIoNBAHjoZi4scsozd/lkf/YPb90QlUVVKeIXU=
github.com/mrrooke/calc v0.0.0-20220728133907-0b915a93345c/go.mod h1:KT8MCohBUcaPafNuN6gBveHXsWhcz3ZCnT1FVXMwt9o=
golang.org/x/exp v0.0.0-20220518171630-0b5c67f07fdf h1:oXVg4h2qJDd9htKxb5SCpFBHLipW6hXmL3qpUixS2jw=
golang.org/x/exp v0.0.0-20220518171630-0b5c67f07fdf/go.mod h1:yh0Ynu2b5ZUe3MQfp2nM0ecK7wsgouWTDN0FNeJuIys=
golang.org/x/exp v0.0.0-20220722155223-a9213eeb770e h1:+WEEuIdZHnUeJJmEUjyYC2gfUMj69yZXw17EnHg/otA=
golang.org/x/exp v0.0.0-20220722155223-a9213eeb770e/go.mod h1:Kr81I6Kryrl9sr8s2FK3vxD90NdsKWRuOIl2O4CvYbA=
