github.com/mrrooke/calc v0.0.0-20221021083043-005503def4f0 h1:wYGxLa+irsLlIj5hFjgV388FNDXy/ns3KR5aSklG+H4=
github.com/mrrooke/calc v0.0.0-20221021083043-005503def4f0/go.mod h1:zhx4ZmnjkhZ8kvfGEcZMRRwwcjSE67sQZArSESDB8YA=
github.com/mrrooke/calc v0.0.0-20230928173909-c646d3015f09 h1:lfib2EvcG3k3pH71dy+J2OcMz6rLJyMMXiOoCgNbR0I=
github.com/mrrooke/calc v0.0.0-20230928173909-c646d3015f09/go.mod h1:xZ9rzrLh4C05vmyhXvJ8Nv/GFn99uOcmvXOG7x9v/Ss=
github.com/mrrooke/calc v0.0.0-20231005184117-c599d3e2d4e3 h1:3lRTEF32SS41dk4EYP+ho3FaVHC+3YS6DyVAvoBmiPc=
github.com/mrrooke/calc v0.0.0-20231005184117-c599d3e2d4e3/go.mod h1:xZ9rzrLh4C05vmyhXvJ8Nv/GFn99uOcmvXOG7x9v/Ss=
github.com/mrrooke/calc v0.0.0-20231005190811-e4171e786757 h1:XLOTxg7KNT6JjzLoL7+yl6zLeg5rP9ujQDvpyocEnIg=
github.com/mrrooke/calc v0.0.0-20231005190811-e4171e786757/go.mod h1:xZ9rzrLh4C05vmyhXvJ8Nv/GFn99uOcmvXOG7x9v/Ss=
github.com/mrrooke/calc v0.0.0-20231007141350-ad01720e88fe h1:8RqWob973WMzotbfwZOBvbR50ZzGMtWB1GNnIJrrHA8=
github.com/mrrooke/calc v0.0.0-20231007141350-ad01720e88fe/go.mod h1:xZ9rzrLh4C05vmyhXvJ8Nv/GFn99uOcmvXOG7x9v/Ss=
github.com/mrrooke/calc v0.0.0-20231027051116-03034be3c9a1 h1:Wf8S9q/F+uFLBQJm0IKOHim0m+6FQGQNTp/wXN7Tf7g=
github.com/mrrooke/calc v0.0.0-20231027051116-03034be3c9a1/go.mod h1:xZ9rzrLh4C05vmyhXvJ8Nv/GFn99uOcmvXOG7x9v/Ss=
github.com/mrrooke/calc v0.0.0-20231027053305-3c92a4a46e20 h1:GWJuu/2mSCIUQ3i2oP162Tr4q0DovsCIMV3R7f+EstQ=
github.com/mrrooke/calc v0.0.0-20231027053305-3c92a4a46e20/go.mod h1:xZ9rzrLh4C05vmyhXvJ8Nv/GFn99uOcmvXOG7x9v/Ss=
github.com/mrrooke/calc v0.0.0-20231027171818-064f13cba206 h1:YfxNk3gZAHvw+uLGK8sIH1AUHaW1Q3ajHaBTdLGdpEE=
github.com/mrrooke/calc v0.0.0-20231027171818-064f13cba206/go.mod h1:xZ9rzrLh4C05vmyhXvJ8Nv/GFn99uOcmvXOG7x9v/Ss=
github.com/mrrooke/calc v0.0.0-20231028094823-5aa212a62ce8 h1:btGjRb4poG+oH2RPU1vAYHL5PFCP5xXaxW27Vr7nnts=
github.com/mrrooke/calc v0.0.0-20231028094823-5aa212a62ce8/go.mod h1:xZ9rzrLh4C05vmyhXvJ8Nv/GFn99uOcmvXOG7x9v/Ss=
github.com/mrrooke/calc v0.0.0-20231028095137-527cda401629 h1:hwsqdiG9FQvK7piNZkBVsFJH7ZPP+fuIdrS6GJ6fIxY=
github.com/mrrooke/calc v0.0.0-20231028095137-527cda401629/go.mod h1:xZ9rzrLh4C05vmyhXvJ8Nv/GFn99uOcmvXOG7x9v/Ss=
github.com/mrrooke/calc v0.0.0-20231030094019-8dc4d8335872 h1:C34m3lnU1xCuEOcTJCEnGmvvjMNOYGUU583pOSBVINs=
github.com/mrrooke/calc v0.0.0-20231030094019-8dc4d8335872/go.mod h1:xZ9rzrLh4C05vmyhXvJ8Nv/GFn99uOcmvXOG7x9v/Ss=
github.com/mrrooke/calc v0.0.0-20231030095331-3496c25e7b75 h1:JgmVhvFMhgllHvROxV/bZpL1xpOauNzEJ92l0dueEJ8=
github.com/mrrooke/calc v0.0.0-20231030095331-3496c25e7b75/go.mod h1:xZ9rzrLh4C05vmyhXvJ8Nv/GFn99uOcmvXOG7x9v/Ss=
github.com/mrrooke/calc v0.0.0-20231030095835-76e5b9b48214 h1:uj+1oatiXU4EBwWonYG5vhf88i2GE46pIxih/KbJ5NY=
github.com/mrrooke/calc v0.0.0-20231030095835-76e5b9b48214/go.mod h1:xZ9rzrLh4C05vmyhXvJ8Nv/GFn99uOcmvXOG7x9v/Ss=
github.com/mrrooke/calc v0.0.0-20231030134410-42756914c64d h1:x9IKOqfDEEdl/erfqOYD5J1DtlnZNRvuDzWBvfZfqWU=
github.com/mrrooke/calc v0.0.0-20231030134410-42756914c64d/go.mod h1:xZ9rzrLh4C05vmyhXvJ8Nv/GFn99uOcmvXOG7x9v/Ss=
github.com/mrrooke/calc v0.0.0-20231030192801-6218aca682b8 h1:4htWumYz46YD3x19cFpcX9Roj/ByaDMiF1sd4IZ3AVY=
github.com/mrrooke/calc v0.0.0-20231030192801-6218aca682b8/go.mod h1:xZ9rzrLh4C05vmyhXvJ8Nv/GFn99uOcmvXOG7x9v/Ss=
github.com/mrrooke/calc v0.0.0-20231030231748-cb65ffb17099 h1:jB6g0dNtiS+DC9vDMTttjDhn+cV+AxAo6n8cfgGoI7c=
github.com/mrrooke/calc v0.0.0-20231030231748-cb65ffb17099/go.mod h1:xZ9rzrLh4C05vmyhXvJ8Nv/GFn99uOcmvXOG7x9v/Ss=
github.com/mrrooke/calc v0.0.0-20231031083745-aa41d7ff650c h1:bj0ur+SMgelIOR7xjqYyXow65HJhQNl8mgu5Ua6/V3k=
github.com/mrrooke/calc v0.0.0-20231031083745-aa41d7ff650c/go.mod h1:xZ9rzrLh4C05vmyhXvJ8Nv/GFn99uOcmvXOG7x9v/Ss=
github.com/mrrooke/calc v0.0.0-20231102110440-dcc8b78be1e0 h1:uQ70/wW5YQHJfKu9lRsKJ7WQkkxNdXv/FciMEkQJcjM=
github.com/mrrooke/calc v0.0.0-20231102110440-dcc8b78be1e0/go.mod h1:xZ9rzrLh4C05vmyhXvJ8Nv/GFn99uOcmvXOG7x9v/Ss=
github.com/mrrooke/calc v0.0.0-20231102124704-adbc15b1d0df h1:+jpH2iKBevJIhAzoY3KSqRx8+XLXv8tySV9k/N4b8KE=
github.com/mrrooke/calc v0.0.0-20231102124704-adbc15b1d0df/go.mod h1:xZ9rzrLh4C05vmyhXvJ8Nv/GFn99uOcmvXOG7x9v/Ss=
github.com/mrrooke/calc v0.0.0-20231102133027-693213d46190 h1:6NfOeSiWT0Cwd4W00/2yHihivqOu13YVA5Kdz2JBF8o=
github.com/mrrooke/calc v0.0.0-20231102133027-693213d46190/go.mod h1:xZ9rzrLh4C05vmyhXvJ8Nv/GFn99uOcmvXOG7x9v/Ss=
github.com/mrrooke/calc v0.0.0-20231102135254-5174b97d953c h1:TB2yfCbS926nEZvvLlToGzKVdDmyxtrvhAwnHkYSjHY=
github.com/mrrooke/calc v0.0.0-20231102135254-5174b97d953c/go.mod h1:xZ9rzrLh4C05vmyhXvJ8Nv/GFn99uOcmvXOG7x9v/Ss=
github.com/mrrooke/calc v0.0.0-20231102142819-b705f707099b h1:yMbofSD6zjW5x70fivkThlr2o+YdDR8SfhVH2AsN4mg=
github.com/mrrooke/calc v0.0.0-20231102142819-b705f707099b/go.mod h1:xZ9rzrLh4C05vmyhXvJ8Nv/GFn99uOcmvXOG7x9v/Ss=
github.com/mrrooke/calc v0.0.0-20231102213659-cf421e2e67c9 h1:U8XqwF+rPiJN8POsJr6K9xf6O/Za3fuVVn6OKxKAI4I=
github.com/mrrooke/calc v0.0.0-20231102213659-cf421e2e67c9/go.mod h1:xZ9rzrLh4C05vmyhXvJ8Nv/GFn99uOcmvXOG7x9v/Ss=
github.com/mrrooke/calc v0.0.0-20231104115152-efca8aa694f6 h1:OGiQ2sMDfQPM9tWXnoUD+scGcINkLVl8rh2jq5BAY8o=
github.com/mrrooke/calc v0.0.0-20231104115152-efca8aa694f6/go.mod h1:xZ9rzrLh4C05vmyhXvJ8Nv/GFn99uOcmvXOG7x9v/Ss=
github.com/mrrooke/calc v0.0.0-20231107064048-acd901b8925d h1:Nwoo+WaxaWAPfi/UxKpJNsoipg6J72/20bVfL4Z97cg=
github.com/mrrooke/calc v0.0.0-20231107064048-acd901b8925d/go.mod h1:xZ9rzrLh4C05vmyhXvJ8Nv/GFn99uOcmvXOG7x9v/Ss=
github.com/mrrooke/calc v0.0.0-20231107064254-c2d28cc24e3e h1:HG/1uI5o6hdlUDQ199NXItoaAvPkybK0DaXMxGJS1jo=
github.com/mrrooke/calc v0.0.0-20231107064254-c2d28cc24e3e/go.mod h1:xZ9rzrLh4C05vmyhXvJ8Nv/GFn99uOcmvXOG7x9v/Ss=
github.com/mrrooke/calc v0.0.0-20231107064358-f7e70d8cc35b h1:e/OXHfn8YxPN2W0+yd0ZoummXpH7YDUSvcSUDxYOlU8=
github.com/mrrooke/calc v0.0.0-20231107064358-f7e70d8cc35b/go.mod h1:xZ9rzrLh4C05vmyhXvJ8Nv/GFn99uOcmvXOG7x9v/Ss=
golang.org/x/exp v0.0.0-20230905200255-921286631fa9 h1:GoHiUyI/Tp2nVkLI2mCxVkOjsbSXD66ic0XW0js0R9g=
golang.org/x/exp v0.0.0-20230905200255-921286631fa9/go.mod h1:S2oDrQGGwySpoQPVqRShND87VCbxmc6bL1Yd2oYrm6k=
